# THIS IS AN AUTOGENERATED FILE. DO NOT EDIT THIS FILE DIRECTLY.
# yarn lockfile v1


bindings@~1.2.1:
  version "1.2.1"
  resolved "https://registry.yarnpkg.com/bindings/-/bindings-1.2.1.tgz#14ad6113812d2d37d72e67b4cacb4bb726505f11"
  integrity sha1-FK1hE4EtLTfXLme0ystLtyZQXxE=

deasync@^0.1.15:
  version "0.1.15"
  resolved "https://registry.yarnpkg.com/deasync/-/deasync-0.1.15.tgz#788c4bbe6d32521233b28d23936de1bbadd2e112"
  integrity sha512-pxMaCYu8cQIbGkA4Y1R0PLSooPIpH1WgFBLeJ+zLxQgHfkZG86ViJSmZmONSjZJ/R3NjwkMcIWZAzpLB2G9/CA==
  dependencies:
    bindings "~1.2.1"
    node-addon-api "^1.6.0"

node-addon-api@^1.6.0:
  version "1.6.3"
  resolved "https://registry.yarnpkg.com/node-addon-api/-/node-addon-api-1.6.3.tgz#3998d4593e2dca2ea82114670a4eb003386a9fe1"
  integrity sha512-FXWH6mqjWgU8ewuahp4spec8LkroFZK2NicOv6bNwZC3kcwZUI8LeZdG80UzTSLLhK4T7MsgNwlYDVRlDdfTDg==
